// !$*UTF8*$!
{
	archiveVersion = 1;
	classes = {
	};
	objectVersion = 50;
	objects = {

/* Begin PBXBuildFile section */
		262108BF24A797E700EA150B /* AddLocationViewController.swift in Sources */ = {isa = PBXBuildFile; fileRef = 262108BE24A797E700EA150B /* AddLocationViewController.swift */; };
		262108C124A7980300EA150B /* ConfirmLocationViewController.swift in Sources */ = {isa = PBXBuildFile; fileRef = 262108C024A7980300EA150B /* ConfirmLocationViewController.swift */; };
		262108C624A7998200EA150B /* UdacityAPI.swift in Sources */ = {isa = PBXBuildFile; fileRef = 262108C524A7998200EA150B /* UdacityAPI.swift */; };
		262108C824A79CF800EA150B /* UdacityResponses.swift in Sources */ = {isa = PBXBuildFile; fileRef = 262108C724A79CF800EA150B /* UdacityResponses.swift */; };
		262108CA24A7A27100EA150B /* ParseResponses.swift in Sources */ = {isa = PBXBuildFile; fileRef = 262108C924A7A27100EA150B /* ParseResponses.swift */; };
		26D5D5A524A782E2000DD3E9 /* AppDelegate.swift in Sources */ = {isa = PBXBuildFile; fileRef = 26D5D5A424A782E2000DD3E9 /* AppDelegate.swift */; };
		26D5D5A724A782E2000DD3E9 /* SceneDelegate.swift in Sources */ = {isa = PBXBuildFile; fileRef = 26D5D5A624A782E2000DD3E9 /* SceneDelegate.swift */; };
		26D5D5A924A782E2000DD3E9 /* LoginViewController.swift in Sources */ = {isa = PBXBuildFile; fileRef = 26D5D5A824A782E2000DD3E9 /* LoginViewController.swift */; };
		26D5D5AC24A782E2000DD3E9 /* Main.storyboard in Resources */ = {isa = PBXBuildFile; fileRef = 26D5D5AA24A782E2000DD3E9 /* Main.storyboard */; };
		26D5D5AF24A782E2000DD3E9 /* OnTheMap.xcdatamodeld in Sources */ = {isa = PBXBuildFile; fileRef = 26D5D5AD24A782E2000DD3E9 /* OnTheMap.xcdatamodeld */; };
		26D5D5B124A782E4000DD3E9 /* Assets.xcassets in Resources */ = {isa = PBXBuildFile; fileRef = 26D5D5B024A782E4000DD3E9 /* Assets.xcassets */; };
		26D5D5B424A782E4000DD3E9 /* LaunchScreen.storyboard in Resources */ = {isa = PBXBuildFile; fileRef = 26D5D5B224A782E4000DD3E9 /* LaunchScreen.storyboard */; };
		26D5D5BC24A79271000DD3E9 /* MapViewController.swift in Sources */ = {isa = PBXBuildFile; fileRef = 26D5D5BB24A79271000DD3E9 /* MapViewController.swift */; };
		26D5D5BE24A792FF000DD3E9 /* PinListTableViewController.swift in Sources */ = {isa = PBXBuildFile; fileRef = 26D5D5BD24A792FF000DD3E9 /* PinListTableViewController.swift */; };
/* End PBXBuildFile section */

/* Begin PBXFileReference section */
		262108BE24A797E700EA150B /* AddLocationViewController.swift */ = {isa = PBXFileReference; lastKnownFileType = sourcecode.swift; path = AddLocationViewController.swift; sourceTree = "<group>"; };
		262108C024A7980300EA150B /* ConfirmLocationViewController.swift */ = {isa = PBXFileReference; lastKnownFileType = sourcecode.swift; path = ConfirmLocationViewController.swift; sourceTree = "<group>"; };
		262108C524A7998200EA150B /* UdacityAPI.swift */ = {isa = PBXFileReference; lastKnownFileType = sourcecode.swift; path = UdacityAPI.swift; sourceTree = "<group>"; };
		262108C724A79CF800EA150B /* UdacityResponses.swift */ = {isa = PBXFileReference; lastKnownFileType = sourcecode.swift; path = UdacityResponses.swift; sourceTree = "<group>"; };
		262108C924A7A27100EA150B /* ParseResponses.swift */ = {isa = PBXFileReference; lastKnownFileType = sourcecode.swift; path = ParseResponses.swift; sourceTree = "<group>"; };
		26D5D5A124A782E2000DD3E9 /* OnTheMap.app */ = {isa = PBXFileReference; explicitFileType = wrapper.application; includeInIndex = 0; path = OnTheMap.app; sourceTree = BUILT_PRODUCTS_DIR; };
		26D5D5A424A782E2000DD3E9 /* AppDelegate.swift */ = {isa = PBXFileReference; lastKnownFileType = sourcecode.swift; path = AppDelegate.swift; sourceTree = "<group>"; };
		26D5D5A624A782E2000DD3E9 /* SceneDelegate.swift */ = {isa = PBXFileReference; lastKnownFileType = sourcecode.swift; path = SceneDelegate.swift; sourceTree = "<group>"; };
		26D5D5A824A782E2000DD3E9 /* LoginViewController.swift */ = {isa = PBXFileReference; lastKnownFileType = sourcecode.swift; path = LoginViewController.swift; sourceTree = "<group>"; };
		26D5D5AB24A782E2000DD3E9 /* Base */ = {isa = PBXFileReference; lastKnownFileType = file.storyboard; name = Base; path = Base.lproj/Main.storyboard; sourceTree = "<group>"; };
		26D5D5AE24A782E2000DD3E9 /* OnTheMap.xcdatamodel */ = {isa = PBXFileReference; lastKnownFileType = wrapper.xcdatamodel; path = OnTheMap.xcdatamodel; sourceTree = "<group>"; };
		26D5D5B024A782E4000DD3E9 /* Assets.xcassets */ = {isa = PBXFileReference; lastKnownFileType = folder.assetcatalog; path = Assets.xcassets; sourceTree = "<group>"; };
		26D5D5B324A782E4000DD3E9 /* Base */ = {isa = PBXFileReference; lastKnownFileType = file.storyboard; name = Base; path = Base.lproj/LaunchScreen.storyboard; sourceTree = "<group>"; };
		26D5D5B524A782E4000DD3E9 /* Info.plist */ = {isa = PBXFileReference; lastKnownFileType = text.plist.xml; path = Info.plist; sourceTree = "<group>"; };
		26D5D5BB24A79271000DD3E9 /* MapViewController.swift */ = {isa = PBXFileReference; lastKnownFileType = sourcecode.swift; path = MapViewController.swift; sourceTree = "<group>"; };
		26D5D5BD24A792FF000DD3E9 /* PinListTableViewController.swift */ = {isa = PBXFileReference; lastKnownFileType = sourcecode.swift; path = PinListTableViewController.swift; sourceTree = "<group>"; };
/* End PBXFileReference section */

/* Begin PBXFrameworksBuildPhase section */
		26D5D59E24A782E2000DD3E9 /* Frameworks */ = {
			isa = PBXFrameworksBuildPhase;
			buildActionMask = 2147483647;
			files = (
			);
			runOnlyForDeploymentPostprocessing = 0;
		};
/* End PBXFrameworksBuildPhase section */

/* Begin PBXGroup section */
		262108C224A7980900EA150B /* NewLocationViews */ = {
			isa = PBXGroup;
			children = (
				262108BE24A797E700EA150B /* AddLocationViewController.swift */,
				262108C024A7980300EA150B /* ConfirmLocationViewController.swift */,
			);
			path = NewLocationViews;
			sourceTree = "<group>";
		};
		262108C324A7983300EA150B /* ExistingPinsViews */ = {
			isa = PBXGroup;
			children = (
				26D5D5BB24A79271000DD3E9 /* MapViewController.swift */,
				26D5D5BD24A792FF000DD3E9 /* PinListTableViewController.swift */,
			);
			path = ExistingPinsViews;
			sourceTree = "<group>";
		};
		262108C424A7987000EA150B /* Model */ = {
			isa = PBXGroup;
			children = (
				262108C524A7998200EA150B /* UdacityAPI.swift */,
				262108C724A79CF800EA150B /* UdacityResponses.swift */,
				262108C924A7A27100EA150B /* ParseResponses.swift */,
			);
			path = Model;
			sourceTree = "<group>";
		};
		26D5D59824A782E2000DD3E9 = {
			isa = PBXGroup;
			children = (
				26D5D5A324A782E2000DD3E9 /* OnTheMap */,
				26D5D5A224A782E2000DD3E9 /* Products */,
			);
			sourceTree = "<group>";
		};
		26D5D5A224A782E2000DD3E9 /* Products */ = {
			isa = PBXGroup;
			children = (
				26D5D5A124A782E2000DD3E9 /* OnTheMap.app */,
			);
			name = Products;
			sourceTree = "<group>";
		};
		26D5D5A324A782E2000DD3E9 /* OnTheMap */ = {
			isa = PBXGroup;
			children = (
				26D5D5A424A782E2000DD3E9 /* AppDelegate.swift */,
				26D5D5A624A782E2000DD3E9 /* SceneDelegate.swift */,
				26D5D5A824A782E2000DD3E9 /* LoginViewController.swift */,
				262108C324A7983300EA150B /* ExistingPinsViews */,
				262108C224A7980900EA150B /* NewLocationViews */,
				26D5D5AA24A782E2000DD3E9 /* Main.storyboard */,
				26D5D5B024A782E4000DD3E9 /* Assets.xcassets */,
				26D5D5B224A782E4000DD3E9 /* LaunchScreen.storyboard */,
				262108C424A7987000EA150B /* Model */,
				26D5D5AD24A782E2000DD3E9 /* OnTheMap.xcdatamodeld */,
				26D5D5B524A782E4000DD3E9 /* Info.plist */,
			);
			path = OnTheMap;
			sourceTree = "<group>";
		};
/* End PBXGroup section */

/* Begin PBXNativeTarget section */
		26D5D5A024A782E2000DD3E9 /* OnTheMap */ = {
			isa = PBXNativeTarget;
			buildConfigurationList = 26D5D5B824A782E4000DD3E9 /* Build configuration list for PBXNativeTarget "OnTheMap" */;
			buildPhases = (
				26D5D59D24A782E2000DD3E9 /* Sources */,
				26D5D59E24A782E2000DD3E9 /* Frameworks */,
				26D5D59F24A782E2000DD3E9 /* Resources */,
			);
			buildRules = (
			);
			dependencies = (
			);
			name = OnTheMap;
			productName = OnTheMap;
			productReference = 26D5D5A124A782E2000DD3E9 /* OnTheMap.app */;
			productType = "com.apple.product-type.application";
		};
/* End PBXNativeTarget section */

/* Begin PBXProject section */
		26D5D59924A782E2000DD3E9 /* Project object */ = {
			isa = PBXProject;
			attributes = {
				LastSwiftUpdateCheck = 1150;
				LastUpgradeCheck = 1150;
				ORGANIZATIONNAME = "Gunnels Porter";
				TargetAttributes = {
					26D5D5A024A782E2000DD3E9 = {
						CreatedOnToolsVersion = 11.5;
					};
				};
			};
			buildConfigurationList = 26D5D59C24A782E2000DD3E9 /* Build configuration list for PBXProject "OnTheMap" */;
			compatibilityVersion = "Xcode 9.3";
			developmentRegion = en;
			hasScannedForEncodings = 0;
			knownRegions = (
				en,
				Base,
			);
			mainGroup = 26D5D59824A782E2000DD3E9;
			productRefGroup = 26D5D5A224A782E2000DD3E9 /* Products */;
			projectDirPath = "";
			projectRoot = "";
			targets = (
				26D5D5A024A782E2000DD3E9 /* OnTheMap */,
			);
		};
/* End PBXProject section */

/* Begin PBXResourcesBuildPhase section */
		26D5D59F24A782E2000DD3E9 /* Resources */ = {
			isa = PBXResourcesBuildPhase;
			buildActionMask = 2147483647;
			files = (
				26D5D5B424A782E4000DD3E9 /* LaunchScreen.storyboard in Resources */,
				26D5D5B124A782E4000DD3E9 /* Assets.xcassets in Resources */,
				26D5D5AC24A782E2000DD3E9 /* Main.storyboard in Resources */,
			);
			runOnlyForDeploymentPostprocessing = 0;
		};
/* End PBXResourcesBuildPhase section */

/* Begin PBXSourcesBuildPhase section */
		26D5D59D24A782E2000DD3E9 /* Sources */ = {
			isa = PBXSourcesBuildPhase;
			buildActionMask = 2147483647;
			files = (
				26D5D5A924A782E2000DD3E9 /* LoginViewController.swift in Sources */,
				262108CA24A7A27100EA150B /* ParseResponses.swift in Sources */,
				26D5D5AF24A782E2000DD3E9 /* OnTheMap.xcdatamodeld in Sources */,
				26D5D5A524A782E2000DD3E9 /* AppDelegate.swift in Sources */,
				262108C824A79CF800EA150B /* UdacityResponses.swift in Sources */,
				262108BF24A797E700EA150B /* AddLocationViewController.swift in Sources */,
				262108C124A7980300EA150B /* ConfirmLocationViewController.swift in Sources */,
				26D5D5BC24A79271000DD3E9 /* MapViewController.swift in Sources */,
				26D5D5BE24A792FF000DD3E9 /* PinListTableViewController.swift in Sources */,
				26D5D5A724A782E2000DD3E9 /* SceneDelegate.swift in Sources */,
				262108C624A7998200EA150B /* UdacityAPI.swift in Sources */,
			);
			runOnlyForDeploymentPostprocessing = 0;
		};
/* End PBXSourcesBuildPhase section */

/* Begin PBXVariantGroup section */
		26D5D5AA24A782E2000DD3E9 /* Main.storyboard */ = {
			isa = PBXVariantGroup;
			children = (
				26D5D5AB24A782E2000DD3E9 /* Base */,
			);
			name = Main.storyboard;
			sourceTree = "<group>";
		};
		26D5D5B224A782E4000DD3E9 /* LaunchScreen.storyboard */ = {
			isa = PBXVariantGroup;
			children = (
				26D5D5B324A782E4000DD3E9 /* Base */,
			);
			name = LaunchScreen.storyboard;
			sourceTree = "<group>";
		};
/* End PBXVariantGroup section */

/* Begin XCBuildConfiguration section */
		26D5D5B624A782E4000DD3E9 /* Debug */ = {
			isa = XCBuildConfiguration;
			buildSettings = {
				ALWAYS_SEARCH_USER_PATHS = NO;
				CLANG_ANALYZER_NONNULL = YES;
				CLANG_ANALYZER_NUMBER_OBJECT_CONVERSION = YES_AGGRESSIVE;
				CLANG_CXX_LANGUAGE_STANDARD = "gnu++14";
				CLANG_CXX_LIBRARY = "libc++";
				CLANG_ENABLE_MODULES = YES;
				CLANG_ENABLE_OBJC_ARC = YES;
				CLANG_ENABLE_OBJC_WEAK = YES;
				CLANG_WARN_BLOCK_CAPTURE_AUTORELEASING = YES;
				CLANG_WARN_BOOL_CONVERSION = YES;
				CLANG_WARN_COMMA = YES;
				CLANG_WARN_CONSTANT_CONVERSION = YES;
				CLANG_WARN_DEPRECATED_OBJC_IMPLEMENTATIONS = YES;
				CLANG_WARN_DIRECT_OBJC_ISA_USAGE = YES_ERROR;
				CLANG_WARN_DOCUMENTATION_COMMENTS = YES;
				CLANG_WARN_EMPTY_BODY = YES;
				CLANG_WARN_ENUM_CONVERSION = YES;
				CLANG_WARN_INFINITE_RECURSION = YES;
				CLANG_WARN_INT_CONVERSION = YES;
				CLANG_WARN_NON_LITERAL_NULL_CONVERSION = YES;
				CLANG_WARN_OBJC_IMPLICIT_RETAIN_SELF = YES;
				CLANG_WARN_OBJC_LITERAL_CONVERSION = YES;
				CLANG_WARN_OBJC_ROOT_CLASS = YES_ERROR;
				CLANG_WARN_RANGE_LOOP_ANALYSIS = YES;
				CLANG_WARN_STRICT_PROTOTYPES = YES;
				CLANG_WARN_SUSPICIOUS_MOVE = YES;
				CLANG_WARN_UNGUARDED_AVAILABILITY = YES_AGGRESSIVE;
				CLANG_WARN_UNREACHABLE_CODE = YES;
				CLANG_WARN__DUPLICATE_METHOD_MATCH = YES;
				COPY_PHASE_STRIP = NO;
				DEBUG_INFORMATION_FORMAT = dwarf;
				ENABLE_STRICT_OBJC_MSGSEND = YES;
				ENABLE_TESTABILITY = YES;
				GCC_C_LANGUAGE_STANDARD = gnu11;
				GCC_DYNAMIC_NO_PIC = NO;
				GCC_NO_COMMON_BLOCKS = YES;
				GCC_OPTIMIZATION_LEVEL = 0;
				GCC_PREPROCESSOR_DEFINITIONS = (
					"DEBUG=1",
					"$(inherited)",
				);
				GCC_WARN_64_TO_32_BIT_CONVERSION = YES;
				GCC_WARN_ABOUT_RETURN_TYPE = YES_ERROR;
				GCC_WARN_UNDECLARED_SELECTOR = YES;
				GCC_WARN_UNINITIALIZED_AUTOS = YES_AGGRESSIVE;
				GCC_WARN_UNUSED_FUNCTION = YES;
				GCC_WARN_UNUSED_VARIABLE = YES;
				IPHONEOS_DEPLOYMENT_TARGET = 13.5;
				MTL_ENABLE_DEBUG_INFO = INCLUDE_SOURCE;
				MTL_FAST_MATH = YES;
				ONLY_ACTIVE_ARCH = YES;
				SDKROOT = iphoneos;
				SWIFT_ACTIVE_COMPILATION_CONDITIONS = DEBUG;
				SWIFT_OPTIMIZATION_LEVEL = "-Onone";
			};
			name = Debug;
		};
		26D5D5B724A782E4000DD3E9 /* Release */ = {
			isa = XCBuildConfiguration;
			buildSettings = {
				ALWAYS_SEARCH_USER_PATHS = NO;
				CLANG_ANALYZER_NONNULL = YES;
				CLANG_ANALYZER_NUMBER_OBJECT_CONVERSION = YES_AGGRESSIVE;
				CLANG_CXX_LANGUAGE_STANDARD = "gnu++14";
				CLANG_CXX_LIBRARY = "libc++";
				CLANG_ENABLE_MODULES = YES;
				CLANG_ENABLE_OBJC_ARC = YES;
				CLANG_ENABLE_OBJC_WEAK = YES;
				CLANG_WARN_BLOCK_CAPTURE_AUTORELEASING = YES;
				CLANG_WARN_BOOL_CONVERSION = YES;
				CLANG_WARN_COMMA = YES;
				CLANG_WARN_CONSTANT_CONVERSION = YES;
				CLANG_WARN_DEPRECATED_OBJC_IMPLEMENTATIONS = YES;
				CLANG_WARN_DIRECT_OBJC_ISA_USAGE = YES_ERROR;
				CLANG_WARN_DOCUMENTATION_COMMENTS = YES;
				CLANG_WARN_EMPTY_BODY = YES;
				CLANG_WARN_ENUM_CONVERSION = YES;
				CLANG_WARN_INFINITE_RECURSION = YES;
				CLANG_WARN_INT_CONVERSION = YES;
				CLANG_WARN_NON_LITERAL_NULL_CONVERSION = YES;
				CLANG_WARN_OBJC_IMPLICIT_RETAIN_SELF = YES;
				CLANG_WARN_OBJC_LITERAL_CONVERSION = YES;
				CLANG_WARN_OBJC_ROOT_CLASS = YES_ERROR;
				CLANG_WARN_RANGE_LOOP_ANALYSIS = YES;
				CLANG_WARN_STRICT_PROTOTYPES = YES;
				CLANG_WARN_SUSPICIOUS_MOVE = YES;
				CLANG_WARN_UNGUARDED_AVAILABILITY = YES_AGGRESSIVE;
				CLANG_WARN_UNREACHABLE_CODE = YES;
				CLANG_WARN__DUPLICATE_METHOD_MATCH = YES;
				COPY_PHASE_STRIP = NO;
				DEBUG_INFORMATION_FORMAT = "dwarf-with-dsym";
				ENABLE_NS_ASSERTIONS = NO;
				ENABLE_STRICT_OBJC_MSGSEND = YES;
				GCC_C_LANGUAGE_STANDARD = gnu11;
				GCC_NO_COMMON_BLOCKS = YES;
				GCC_WARN_64_TO_32_BIT_CONVERSION = YES;
				GCC_WARN_ABOUT_RETURN_TYPE = YES_ERROR;
				GCC_WARN_UNDECLARED_SELECTOR = YES;
				GCC_WARN_UNINITIALIZED_AUTOS = YES_AGGRESSIVE;
				GCC_WARN_UNUSED_FUNCTION = YES;
				GCC_WARN_UNUSED_VARIABLE = YES;
				IPHONEOS_DEPLOYMENT_TARGET = 13.5;
				MTL_ENABLE_DEBUG_INFO = NO;
				MTL_FAST_MATH = YES;
				SDKROOT = iphoneos;
				SWIFT_COMPILATION_MODE = wholemodule;
				SWIFT_OPTIMIZATION_LEVEL = "-O";
				VALIDATE_PRODUCT = YES;
			};
			name = Release;
		};
		26D5D5B924A782E4000DD3E9 /* Debug */ = {
			isa = XCBuildConfiguration;
			buildSettings = {
				ASSETCATALOG_COMPILER_APPICON_NAME = AppIcon;
				CODE_SIGN_STYLE = Automatic;
				DEVELOPMENT_TEAM = H3PATA62FY;
				INFOPLIST_FILE = OnTheMap/Info.plist;
				LD_RUNPATH_SEARCH_PATHS = (
					"$(inherited)",
					"@executable_path/Frameworks",
				);
				PRODUCT_BUNDLE_IDENTIFIER = "com.gunnels-porter.OnTheMap";
				PRODUCT_NAME = "$(TARGET_NAME)";
				SWIFT_VERSION = 5.0;
				TARGETED_DEVICE_FAMILY = "1,2";
			};
			name = Debug;
		};
		26D5D5BA24A782E4000DD3E9 /* Release */ = {
			isa = XCBuildConfiguration;
			buildSettings = {
				ASSETCATALOG_COMPILER_APPICON_NAME = AppIcon;
				CODE_SIGN_STYLE = Automatic;
				DEVELOPMENT_TEAM = H3PATA62FY;
				INFOPLIST_FILE = OnTheMap/Info.plist;
				LD_RUNPATH_SEARCH_PATHS = (
					"$(inherited)",
					"@executable_path/Frameworks",
				);
				PRODUCT_BUNDLE_IDENTIFIER = "com.gunnels-porter.OnTheMap";
				PRODUCT_NAME = "$(TARGET_NAME)";
				SWIFT_VERSION = 5.0;
				TARGETED_DEVICE_FAMILY = "1,2";
			};
			name = Release;
		};
/* End XCBuildConfiguration section */

/* Begin XCConfigurationList section */
		26D5D59C24A782E2000DD3E9 /* Build configuration list for PBXProject "OnTheMap" */ = {
			isa = XCConfigurationList;
			buildConfigurations = (
				26D5D5B624A782E4000DD3E9 /* Debug */,
				26D5D5B724A782E4000DD3E9 /* Release */,
			);
			defaultConfigurationIsVisible = 0;
			defaultConfigurationName = Release;
		};
		26D5D5B824A782E4000DD3E9 /* Build configuration list for PBXNativeTarget "OnTheMap" */ = {
			isa = XCConfigurationList;
			buildConfigurations = (
				26D5D5B924A782E4000DD3E9 /* Debug */,
				26D5D5BA24A782E4000DD3E9 /* Release */,
			);
			defaultConfigurationIsVisible = 0;
			defaultConfigurationName = Release;
		};
/* End XCConfigurationList section */

/* Begin XCVersionGroup section */
		26D5D5AD24A782E2000DD3E9 /* OnTheMap.xcdatamodeld */ = {
			isa = XCVersionGroup;
			children = (
				26D5D5AE24A782E2000DD3E9 /* OnTheMap.xcdatamodel */,
			);
			currentVersion = 26D5D5AE24A782E2000DD3E9 /* OnTheMap.xcdatamodel */;
			path = OnTheMap.xcdatamodeld;
			sourceTree = "<group>";
			versionGroupType = wrapper.xcdatamodel;
		};
/* End XCVersionGroup section */
	};
	rootObject = 26D5D59924A782E2000DD3E9 /* Project object */;
}
